
Microsoft Visual Studio Solution File, Format Version 12.00
# Visual Studio Version 16
VisualStudioVersion = 16.0.30011.22
MinimumVisualStudioVersion = 10.0.40219.1
Project("{FAE04EC0-301F-11D3-BF4B-00C04F79EFBC}") = "IndexerPrac", "IndexerPrac\IndexerPrac.csproj", "{1F22FE4B-3841-4369-BE86-2FE8B586FC05}"
EndProject
Global
	GlobalSection(SolutionConfigurationPlatforms) = preSolution
		Debug|Any CPU = Debug|Any CPU
		Release|Any CPU = Release|Any CPU
	EndGlobalSection
	GlobalSection(ProjectConfigurationPlatforms) = postSolution
		{1F22FE4B-3841-4369-BE86-2FE8B586FC05}.Debug|Any CPU.ActiveCfg = Debug|Any CPU
		{1F22FE4B-3841-4369-BE86-2FE8B586FC05}.Debug|Any CPU.Build.0 = Debug|Any CPU
		{1F22FE4B-3841-4369-BE86-2FE8B586FC05}.Release|Any CPU.ActiveCfg = Release|Any CPU
		{1F22FE4B-3841-4369-BE86-2FE8B586FC05}.Release|Any CPU.Build.0 = Release|Any CPU
	EndGlobalSection
	GlobalSection(SolutionProperties) = preSolution
		HideSolutionNode = FALSE
	EndGlobalSection
	GlobalSection(ExtensibilityGlobals) = postSolution
		SolutionGuid = {1C0366CA-D406-4187-8EF0-F522B187EB22}
	EndGlobalSection
EndGlobal
